
Microsoft Visual Studio Solution File, Format Version 12.00
# Visual Studio Version 17
VisualStudioVersion = 17.9.34723.18
MinimumVisualStudioVersion = 10.0.40219.1
Project("{9A19103F-16F7-4668-BE54-9A1E7A4F7556}") = "Service", "Service\Service.csproj", "{03D6E70F-CB81-4DB4-B340-26FE2ACC7C5B}"
EndProject
Project("{FAE04EC0-301F-11D3-BF4B-00C04F79EFBC}") = "Domain", "Domain\Domain.csproj", "{9BD783B2-47DB-451D-A0FC-ECFBE04A3A79}"
EndProject
Global
	GlobalSection(SolutionConfigurationPlatforms) = preSolution
		Debug|Any CPU = Debug|Any CPU
		Release|Any CPU = Release|Any CPU
	EndGlobalSection
	GlobalSection(ProjectConfigurationPlatforms) = postSolution
		{03D6E70F-CB81-4DB4-B340-26FE2ACC7C5B}.Debug|Any CPU.ActiveCfg = Debug|Any CPU
		{03D6E70F-CB81-4DB4-B340-26FE2ACC7C5B}.Debug|Any CPU.Build.0 = Debug|Any CPU
		{03D6E70F-CB81-4DB4-B340-26FE2ACC7C5B}.Release|Any CPU.ActiveCfg = Release|Any CPU
		{03D6E70F-CB81-4DB4-B340-26FE2ACC7C5B}.Release|Any CPU.Build.0 = Release|Any CPU
		{9BD783B2-47DB-451D-A0FC-ECFBE04A3A79}.Debug|Any CPU.ActiveCfg = Debug|Any CPU
		{9BD783B2-47DB-451D-A0FC-ECFBE04A3A79}.Debug|Any CPU.Build.0 = Debug|Any CPU
		{9BD783B2-47DB-451D-A0FC-ECFBE04A3A79}.Release|Any CPU.ActiveCfg = Release|Any CPU
		{9BD783B2-47DB-451D-A0FC-ECFBE04A3A79}.Release|Any CPU.Build.0 = Release|Any CPU
	EndGlobalSection
	GlobalSection(SolutionProperties) = preSolution
		HideSolutionNode = FALSE
	EndGlobalSection
	GlobalSection(ExtensibilityGlobals) = postSolution
		SolutionGuid = {C6E1E87C-57BA-4439-A3FB-7BDBC0057B7F}
	EndGlobalSection
EndGlobal
